
Microsoft Visual Studio Solution File, Format Version 12.00
# Visual Studio Version 16
VisualStudioVersion = 16.0.29318.209
MinimumVisualStudioVersion = 10.0.40219.1
Project("{2150E333-8FDC-42A3-9474-1A3956D46DE8}") = "Complex Domain", "Complex Domain", "{C7EC1E3D-DB00-4EF4-8D73-5F1B68A20634}"
EndProject
Project("{9A19103F-16F7-4668-BE54-9A1E7A4F7556}") = "Core.Domain", "src\Core.Domain\Core.Domain.csproj", "{FCDC4A17-0266-45EC-A7E3-CDB33A3A331C}"
EndProject
Project("{2150E333-8FDC-42A3-9474-1A3956D46DE8}") = "Core", "Core", "{A3C22845-4456-4439-B3B6-BE7A2D2F83C7}"
EndProject
Project("{2150E333-8FDC-42A3-9474-1A3956D46DE8}") = "Agencia", "Agencia", "{CDCF6E71-862C-4282-84B9-094CDC258B67}"
EndProject
Project("{2150E333-8FDC-42A3-9474-1A3956D46DE8}") = "Domain", "Domain", "{A7D8917D-51BA-4AEB-9FE3-D3CAAA0B9E02}"
EndProject
Project("{9A19103F-16F7-4668-BE54-9A1E7A4F7556}") = "Agencia.Domain", "src\Agencia.Domain\Agencia.Domain.csproj", "{3067420D-8998-4568-A20C-0D1ED0FBCC59}"
EndProject
Project("{2150E333-8FDC-42A3-9474-1A3956D46DE8}") = "Infra", "Infra", "{488FD12B-AA9C-488C-AB6D-D1B86EB7E8F8}"
EndProject
Project("{9A19103F-16F7-4668-BE54-9A1E7A4F7556}") = "Agencia.Infra.Data.Mongo", "src\Agencia.Infra.Data\Agencia.Infra.Data.Mongo.csproj", "{303456A9-8087-47A6-9B75-9CA1F7547D8D}"
EndProject
Project("{9A19103F-16F7-4668-BE54-9A1E7A4F7556}") = "Agencia.Infra.CrossCutting", "src\Agencia.Infra.CrossCutting\Agencia.Infra.CrossCutting.csproj", "{76DFF14E-FFCB-42EA-80DD-5E0A8A00F324}"
EndProject
Project("{2150E333-8FDC-42A3-9474-1A3956D46DE8}") = "API", "API", "{BCF9AEC8-CA94-479D-A08F-5C13842BAF29}"
EndProject
Project("{9A19103F-16F7-4668-BE54-9A1E7A4F7556}") = "Bankflix.API", "src\Bankflix.API\Bankflix.API.csproj", "{970C06AA-7D85-47B6-9166-350CF3CEEF0A}"
EndProject
Project("{2150E333-8FDC-42A3-9474-1A3956D46DE8}") = "Clientes", "Clientes", "{574AF8F4-E3BD-4346-BAFA-36FCF8B83902}"
EndProject
Project("{2150E333-8FDC-42A3-9474-1A3956D46DE8}") = "Domain", "Domain", "{D1383620-74CF-471E-9DCA-3A08B658DC28}"
EndProject
Project("{9A19103F-16F7-4668-BE54-9A1E7A4F7556}") = "Clientes.Domain", "src\Clientes.Domain\Clientes.Domain.csproj", "{F3DD79A8-C9EF-4CE3-AAB3-57BFD10A4F0F}"
EndProject
Project("{2150E333-8FDC-42A3-9474-1A3956D46DE8}") = "Movimentacoes", "Movimentacoes", "{6A22F809-B696-45F5-B91F-8BC44C112164}"
EndProject
Project("{2150E333-8FDC-42A3-9474-1A3956D46DE8}") = "Domain", "Domain", "{B4F22B61-59A9-451C-9EFD-E3E4E6716CB8}"
EndProject
Project("{9A19103F-16F7-4668-BE54-9A1E7A4F7556}") = "Movimentacoes.Domain", "src\Movimentacoes.Domain\Movimentacoes.Domain.csproj", "{0EC0FE4F-FECA-49BF-B426-D59C578DECB4}"
EndProject
Project("{2150E333-8FDC-42A3-9474-1A3956D46DE8}") = "CQRS", "CQRS", "{B29E8816-50DE-49AA-986E-DB87F19A4861}"
EndProject
Project("{9A19103F-16F7-4668-BE54-9A1E7A4F7556}") = "Clientes.Commands", "src\Clientes.Commands\Clientes.Commands.csproj", "{FC93654D-DAFB-479E-9732-571767204BDB}"
EndProject
Project("{9A19103F-16F7-4668-BE54-9A1E7A4F7556}") = "Clientes.CommandStack", "src\Clientes.CommandStack\Clientes.CommandStack.csproj", "{C4E73102-A644-4619-B1E0-8AB2EA943914}"
EndProject
Project("{2150E333-8FDC-42A3-9474-1A3956D46DE8}") = "CQRS", "CQRS", "{0D4DE196-A1E7-4772-94A1-711A797AB230}"
EndProject
Project("{9A19103F-16F7-4668-BE54-9A1E7A4F7556}") = "Movimentacoes.Commands", "src\Movimentacoes.Commands\Movimentacoes.Commands.csproj", "{56D7F908-A617-47A0-9271-CFC9C103422A}"
EndProject
Project("{9A19103F-16F7-4668-BE54-9A1E7A4F7556}") = "Movimentacoes.CommandStack", "src\Movimentacoes.CommandStack\Movimentacoes.CommandStack.csproj", "{EC5DA0B0-DB6D-445D-8648-CF03F4E3E07B}"
EndProject
Project("{2150E333-8FDC-42A3-9474-1A3956D46DE8}") = "Infra", "Infra", "{E83033A9-DCF8-46FF-BCCD-04C9E599502E}"
EndProject
Project("{FAE04EC0-301F-11D3-BF4B-00C04F79EFBC}") = "Clientes.Infra.Data.Mongo", "src\Clientes.Infra.Data.Mongo\Clientes.Infra.Data.Mongo.csproj", "{613FA493-1C7A-4729-96E3-1CB94F4ABE12}"
EndProject
Global
	GlobalSection(SolutionConfigurationPlatforms) = preSolution
		Debug|Any CPU = Debug|Any CPU
		Release|Any CPU = Release|Any CPU
	EndGlobalSection
	GlobalSection(ProjectConfigurationPlatforms) = postSolution
		{FCDC4A17-0266-45EC-A7E3-CDB33A3A331C}.Debug|Any CPU.ActiveCfg = Debug|Any CPU
		{FCDC4A17-0266-45EC-A7E3-CDB33A3A331C}.Debug|Any CPU.Build.0 = Debug|Any CPU
		{FCDC4A17-0266-45EC-A7E3-CDB33A3A331C}.Release|Any CPU.ActiveCfg = Release|Any CPU
		{FCDC4A17-0266-45EC-A7E3-CDB33A3A331C}.Release|Any CPU.Build.0 = Release|Any CPU
		{3067420D-8998-4568-A20C-0D1ED0FBCC59}.Debug|Any CPU.ActiveCfg = Debug|Any CPU
		{3067420D-8998-4568-A20C-0D1ED0FBCC59}.Debug|Any CPU.Build.0 = Debug|Any CPU
		{3067420D-8998-4568-A20C-0D1ED0FBCC59}.Release|Any CPU.ActiveCfg = Release|Any CPU
		{3067420D-8998-4568-A20C-0D1ED0FBCC59}.Release|Any CPU.Build.0 = Release|Any CPU
		{303456A9-8087-47A6-9B75-9CA1F7547D8D}.Debug|Any CPU.ActiveCfg = Debug|Any CPU
		{303456A9-8087-47A6-9B75-9CA1F7547D8D}.Debug|Any CPU.Build.0 = Debug|Any CPU
		{303456A9-8087-47A6-9B75-9CA1F7547D8D}.Release|Any CPU.ActiveCfg = Release|Any CPU
		{303456A9-8087-47A6-9B75-9CA1F7547D8D}.Release|Any CPU.Build.0 = Release|Any CPU
		{76DFF14E-FFCB-42EA-80DD-5E0A8A00F324}.Debug|Any CPU.ActiveCfg = Debug|Any CPU
		{76DFF14E-FFCB-42EA-80DD-5E0A8A00F324}.Debug|Any CPU.Build.0 = Debug|Any CPU
		{76DFF14E-FFCB-42EA-80DD-5E0A8A00F324}.Release|Any CPU.ActiveCfg = Release|Any CPU
		{76DFF14E-FFCB-42EA-80DD-5E0A8A00F324}.Release|Any CPU.Build.0 = Release|Any CPU
		{970C06AA-7D85-47B6-9166-350CF3CEEF0A}.Debug|Any CPU.ActiveCfg = Debug|Any CPU
		{970C06AA-7D85-47B6-9166-350CF3CEEF0A}.Debug|Any CPU.Build.0 = Debug|Any CPU
		{970C06AA-7D85-47B6-9166-350CF3CEEF0A}.Release|Any CPU.ActiveCfg = Release|Any CPU
		{970C06AA-7D85-47B6-9166-350CF3CEEF0A}.Release|Any CPU.Build.0 = Release|Any CPU
		{F3DD79A8-C9EF-4CE3-AAB3-57BFD10A4F0F}.Debug|Any CPU.ActiveCfg = Debug|Any CPU
		{F3DD79A8-C9EF-4CE3-AAB3-57BFD10A4F0F}.Debug|Any CPU.Build.0 = Debug|Any CPU
		{F3DD79A8-C9EF-4CE3-AAB3-57BFD10A4F0F}.Release|Any CPU.ActiveCfg = Release|Any CPU
		{F3DD79A8-C9EF-4CE3-AAB3-57BFD10A4F0F}.Release|Any CPU.Build.0 = Release|Any CPU
		{0EC0FE4F-FECA-49BF-B426-D59C578DECB4}.Debug|Any CPU.ActiveCfg = Debug|Any CPU
		{0EC0FE4F-FECA-49BF-B426-D59C578DECB4}.Debug|Any CPU.Build.0 = Debug|Any CPU
		{0EC0FE4F-FECA-49BF-B426-D59C578DECB4}.Release|Any CPU.ActiveCfg = Release|Any CPU
		{0EC0FE4F-FECA-49BF-B426-D59C578DECB4}.Release|Any CPU.Build.0 = Release|Any CPU
		{FC93654D-DAFB-479E-9732-571767204BDB}.Debug|Any CPU.ActiveCfg = Debug|Any CPU
		{FC93654D-DAFB-479E-9732-571767204BDB}.Debug|Any CPU.Build.0 = Debug|Any CPU
		{FC93654D-DAFB-479E-9732-571767204BDB}.Release|Any CPU.ActiveCfg = Release|Any CPU
		{FC93654D-DAFB-479E-9732-571767204BDB}.Release|Any CPU.Build.0 = Release|Any CPU
		{C4E73102-A644-4619-B1E0-8AB2EA943914}.Debug|Any CPU.ActiveCfg = Debug|Any CPU
		{C4E73102-A644-4619-B1E0-8AB2EA943914}.Debug|Any CPU.Build.0 = Debug|Any CPU
		{C4E73102-A644-4619-B1E0-8AB2EA943914}.Release|Any CPU.ActiveCfg = Release|Any CPU
		{C4E73102-A644-4619-B1E0-8AB2EA943914}.Release|Any CPU.Build.0 = Release|Any CPU
		{56D7F908-A617-47A0-9271-CFC9C103422A}.Debug|Any CPU.ActiveCfg = Debug|Any CPU
		{56D7F908-A617-47A0-9271-CFC9C103422A}.Debug|Any CPU.Build.0 = Debug|Any CPU
		{56D7F908-A617-47A0-9271-CFC9C103422A}.Release|Any CPU.ActiveCfg = Release|Any CPU
		{56D7F908-A617-47A0-9271-CFC9C103422A}.Release|Any CPU.Build.0 = Release|Any CPU
		{EC5DA0B0-DB6D-445D-8648-CF03F4E3E07B}.Debug|Any CPU.ActiveCfg = Debug|Any CPU
		{EC5DA0B0-DB6D-445D-8648-CF03F4E3E07B}.Debug|Any CPU.Build.0 = Debug|Any CPU
		{EC5DA0B0-DB6D-445D-8648-CF03F4E3E07B}.Release|Any CPU.ActiveCfg = Release|Any CPU
		{EC5DA0B0-DB6D-445D-8648-CF03F4E3E07B}.Release|Any CPU.Build.0 = Release|Any CPU
		{613FA493-1C7A-4729-96E3-1CB94F4ABE12}.Debug|Any CPU.ActiveCfg = Debug|Any CPU
		{613FA493-1C7A-4729-96E3-1CB94F4ABE12}.Debug|Any CPU.Build.0 = Debug|Any CPU
		{613FA493-1C7A-4729-96E3-1CB94F4ABE12}.Release|Any CPU.ActiveCfg = Release|Any CPU
		{613FA493-1C7A-4729-96E3-1CB94F4ABE12}.Release|Any CPU.Build.0 = Release|Any CPU
	EndGlobalSection
	GlobalSection(SolutionProperties) = preSolution
		HideSolutionNode = FALSE
	EndGlobalSection
	GlobalSection(NestedProjects) = preSolution
		{FCDC4A17-0266-45EC-A7E3-CDB33A3A331C} = {A3C22845-4456-4439-B3B6-BE7A2D2F83C7}
		{A3C22845-4456-4439-B3B6-BE7A2D2F83C7} = {C7EC1E3D-DB00-4EF4-8D73-5F1B68A20634}
		{CDCF6E71-862C-4282-84B9-094CDC258B67} = {C7EC1E3D-DB00-4EF4-8D73-5F1B68A20634}
		{A7D8917D-51BA-4AEB-9FE3-D3CAAA0B9E02} = {CDCF6E71-862C-4282-84B9-094CDC258B67}
		{3067420D-8998-4568-A20C-0D1ED0FBCC59} = {A7D8917D-51BA-4AEB-9FE3-D3CAAA0B9E02}
		{488FD12B-AA9C-488C-AB6D-D1B86EB7E8F8} = {CDCF6E71-862C-4282-84B9-094CDC258B67}
		{303456A9-8087-47A6-9B75-9CA1F7547D8D} = {488FD12B-AA9C-488C-AB6D-D1B86EB7E8F8}
		{76DFF14E-FFCB-42EA-80DD-5E0A8A00F324} = {488FD12B-AA9C-488C-AB6D-D1B86EB7E8F8}
		{970C06AA-7D85-47B6-9166-350CF3CEEF0A} = {BCF9AEC8-CA94-479D-A08F-5C13842BAF29}
		{574AF8F4-E3BD-4346-BAFA-36FCF8B83902} = {C7EC1E3D-DB00-4EF4-8D73-5F1B68A20634}
		{D1383620-74CF-471E-9DCA-3A08B658DC28} = {574AF8F4-E3BD-4346-BAFA-36FCF8B83902}
		{F3DD79A8-C9EF-4CE3-AAB3-57BFD10A4F0F} = {D1383620-74CF-471E-9DCA-3A08B658DC28}
		{6A22F809-B696-45F5-B91F-8BC44C112164} = {C7EC1E3D-DB00-4EF4-8D73-5F1B68A20634}
		{B4F22B61-59A9-451C-9EFD-E3E4E6716CB8} = {6A22F809-B696-45F5-B91F-8BC44C112164}
		{0EC0FE4F-FECA-49BF-B426-D59C578DECB4} = {B4F22B61-59A9-451C-9EFD-E3E4E6716CB8}
		{B29E8816-50DE-49AA-986E-DB87F19A4861} = {574AF8F4-E3BD-4346-BAFA-36FCF8B83902}
		{FC93654D-DAFB-479E-9732-571767204BDB} = {B29E8816-50DE-49AA-986E-DB87F19A4861}
		{C4E73102-A644-4619-B1E0-8AB2EA943914} = {B29E8816-50DE-49AA-986E-DB87F19A4861}
		{0D4DE196-A1E7-4772-94A1-711A797AB230} = {6A22F809-B696-45F5-B91F-8BC44C112164}
		{56D7F908-A617-47A0-9271-CFC9C103422A} = {0D4DE196-A1E7-4772-94A1-711A797AB230}
		{EC5DA0B0-DB6D-445D-8648-CF03F4E3E07B} = {0D4DE196-A1E7-4772-94A1-711A797AB230}
		{E83033A9-DCF8-46FF-BCCD-04C9E599502E} = {574AF8F4-E3BD-4346-BAFA-36FCF8B83902}
		{613FA493-1C7A-4729-96E3-1CB94F4ABE12} = {E83033A9-DCF8-46FF-BCCD-04C9E599502E}
	EndGlobalSection
	GlobalSection(ExtensibilityGlobals) = postSolution
		SolutionGuid = {2A7DDC0A-0ED8-408B-A464-FB4196D1074F}
	EndGlobalSection
EndGlobal
